# This file is automatically @generated by Cargo.
# It is not intended for manual editing.
version = 4

[[package]]
name = "clip-vault-cli"
version = "0.0.1"

[[package]]
name = "clip-vault-core"
version = "0.0.1"

[[package]]
name = "clip-vault-daemon"
version = "0.0.1"

[[package]]
name = "clip-vault-proto"
version = "0.0.1"

[[package]]
name = "clip-vault-tui"
version = "0.0.1"
